
Microsoft Visual Studio Solution File, Format Version 12.00
# Visual Studio Version 17
VisualStudioVersion = 17.14.36202.13 d17.14
MinimumVisualStudioVersion = 10.0.40219.1
Project("{FAE04EC0-301F-11D3-BF4B-00C04F79EFBC}") = "CST-150 Activity 1", "CST-150 Activity 1\CST-150 Activity 1.csproj", "{7C8C08D8-FFD7-4B0E-9933-D2C8D5BDCF72}"
EndProject
Global
	GlobalSection(SolutionConfigurationPlatforms) = preSolution
		Debug|Any CPU = Debug|Any CPU
		Release|Any CPU = Release|Any CPU
	EndGlobalSection
	GlobalSection(ProjectConfigurationPlatforms) = postSolution
		{7C8C08D8-FFD7-4B0E-9933-D2C8D5BDCF72}.Debug|Any CPU.ActiveCfg = Debug|Any CPU
		{7C8C08D8-FFD7-4B0E-9933-D2C8D5BDCF72}.Debug|Any CPU.Build.0 = Debug|Any CPU
		{7C8C08D8-FFD7-4B0E-9933-D2C8D5BDCF72}.Release|Any CPU.ActiveCfg = Release|Any CPU
		{7C8C08D8-FFD7-4B0E-9933-D2C8D5BDCF72}.Release|Any CPU.Build.0 = Release|Any CPU
	EndGlobalSection
	GlobalSection(SolutionProperties) = preSolution
		HideSolutionNode = FALSE
	EndGlobalSection
	GlobalSection(ExtensibilityGlobals) = postSolution
		SolutionGuid = {85A3528B-C594-4C91-9137-F472F8A17CB4}
	EndGlobalSection
EndGlobal
